github.com/tabnas/parser/go v0.12.4 h1:DBi+Lh+NlFj/WsCAWftkeeD7FAJJRpygchM3/pu9tE0=
github.com/tabnas/parser/go v0.12.4/go.mod h1:WrlfEVyZ1QjEIowWiyEu3K1iHj7wxuPut5zoH9Trehk=
github.com/tabnas/support/go v0.3.5 h1:BOjCXg7M+1DhNso2CTso6f/ED7n/q8IASVkrF5PDY9k=
github.com/tabnas/support/go v0.3.5/go.mod h1:q+EGPO8fRFQAYDwRHFH4lafD5l5W/NCdY8vhN9IJOkY=
