github.com/tabnas/parser/go v0.0.0-20260613202218-743fd33f4545 h1:aFZViuX57D8FVH9Nst9FHnZyyWNMafoTDb7ESlpNbJ4=
github.com/tabnas/parser/go v0.0.0-20260613202218-743fd33f4545/go.mod h1:WrlfEVyZ1QjEIowWiyEu3K1iHj7wxuPut5zoH9Trehk=
github.com/tabnas/parser/go v0.0.0-20260614114753-4c244b3e7172 h1:YFju1E1RJc8ze/+BSnmnfV9pM/gU3SkiEeGREyIOT78=
github.com/tabnas/parser/go v0.0.0-20260614114753-4c244b3e7172/go.mod h1:WrlfEVyZ1QjEIowWiyEu3K1iHj7wxuPut5zoH9Trehk=
github.com/tabnas/parser/go v0.0.0-20260614180707-a7e39303f5cf h1:buVD/kLh6qrWBni92visb6DkVEg2MbiXhugI79EacgE=
github.com/tabnas/parser/go v0.0.0-20260614180707-a7e39303f5cf/go.mod h1:WrlfEVyZ1QjEIowWiyEu3K1iHj7wxuPut5zoH9Trehk=
github.com/tabnas/parser/go v0.0.0-20260614232022-4b486205e191 h1:jWaFMuFWjB1VkgqWQewbWOOfjG9XMQzkw/fXi0ZVCq4=
github.com/tabnas/parser/go v0.0.0-20260614232022-4b486205e191/go.mod h1:WrlfEVyZ1QjEIowWiyEu3K1iHj7wxuPut5zoH9Trehk=
